
Microsoft Visual Studio Solution File, Format Version 11.00
# Visual Studio 2010
Project("{2150E333-8FDC-42A3-9474-1A3956D46DE8}") = "General", "General", "{55993A60-BBB2-4C1B-BAAD-4518440A43F8}"
EndProject
Project("{FAE04EC0-301F-11D3-BF4B-00C04F79EFBC}") = "SVNBackend", "SVNBackend\SVNBackend.csproj", "{99ABD2B2-792B-4ADD-8747-E6F9595691AB}"
EndProject
Project("{FAE04EC0-301F-11D3-BF4B-00C04F79EFBC}") = "CommandLine", "CommandLine\CommandLine.csproj", "{FC5C4326-871A-40B7-AA94-4ABED60F2EE4}"
EndProject
Project("{FAE04EC0-301F-11D3-BF4B-00C04F79EFBC}") = "UnitTests", "UnitTests\UnitTests.csproj", "{3C1030EB-9BD6-4356-8058-CC8D507983D0}"
EndProject
Project("{FAE04EC0-301F-11D3-BF4B-00C04F79EFBC}") = "Common", "Common\Common.csproj", "{29EA8602-966F-4586-9695-9A120BC1DC5D}"
EndProject
Project("{2150E333-8FDC-42A3-9474-1A3956D46DE8}") = "Unity", "Unity", "{EDD08ADA-2879-406D-9515-CFD35146154F}"
EndProject
Project("{FAE04EC0-301F-11D3-BF4B-00C04F79EFBC}") = "UnityVersionControl", "UnityVersionControl\UnityVersionControl.csproj", "{671D912C-1CFB-4912-9D0D-39A8C633E537}"
EndProject
Project("{FAE04EC0-301F-11D3-BF4B-00C04F79EFBC}") = "RendererInspectors", "RendererInspectors\RendererInspectors.csproj", "{7CE9869E-A980-4DB4-BEF4-ADE6BE023637}"
EndProject
Project("{FAE04EC0-301F-11D3-BF4B-00C04F79EFBC}") = "TeamFeatures", "TeamFeatures\TeamFeatures.csproj", "{313120F7-487B-4D23-BCCF-C1DCA4BF6158}"
EndProject
Global
	GlobalSection(TestCaseManagementSettings) = postSolution
		CategoryFile = VersionControlVS.vsmdi
	EndGlobalSection
	GlobalSection(SolutionConfigurationPlatforms) = preSolution
		Debug|Any CPU = Debug|Any CPU
		Debug|Mixed Platforms = Debug|Mixed Platforms
		Debug|x86 = Debug|x86
		Release|Any CPU = Release|Any CPU
		Release|Mixed Platforms = Release|Mixed Platforms
		Release|x86 = Release|x86
	EndGlobalSection
	GlobalSection(ProjectConfigurationPlatforms) = postSolution
		{99ABD2B2-792B-4ADD-8747-E6F9595691AB}.Debug|Any CPU.ActiveCfg = Debug|Any CPU
		{99ABD2B2-792B-4ADD-8747-E6F9595691AB}.Debug|Any CPU.Build.0 = Debug|Any CPU
		{99ABD2B2-792B-4ADD-8747-E6F9595691AB}.Debug|Mixed Platforms.ActiveCfg = Debug|Any CPU
		{99ABD2B2-792B-4ADD-8747-E6F9595691AB}.Debug|Mixed Platforms.Build.0 = Debug|Any CPU
		{99ABD2B2-792B-4ADD-8747-E6F9595691AB}.Debug|x86.ActiveCfg = Debug|Any CPU
		{99ABD2B2-792B-4ADD-8747-E6F9595691AB}.Release|Any CPU.ActiveCfg = Release|Any CPU
		{99ABD2B2-792B-4ADD-8747-E6F9595691AB}.Release|Any CPU.Build.0 = Release|Any CPU
		{99ABD2B2-792B-4ADD-8747-E6F9595691AB}.Release|Mixed Platforms.ActiveCfg = Release|Any CPU
		{99ABD2B2-792B-4ADD-8747-E6F9595691AB}.Release|Mixed Platforms.Build.0 = Release|Any CPU
		{99ABD2B2-792B-4ADD-8747-E6F9595691AB}.Release|x86.ActiveCfg = Release|Any CPU
		{FC5C4326-871A-40B7-AA94-4ABED60F2EE4}.Debug|Any CPU.ActiveCfg = Debug|Any CPU
		{FC5C4326-871A-40B7-AA94-4ABED60F2EE4}.Debug|Any CPU.Build.0 = Debug|Any CPU
		{FC5C4326-871A-40B7-AA94-4ABED60F2EE4}.Debug|Mixed Platforms.ActiveCfg = Debug|Any CPU
		{FC5C4326-871A-40B7-AA94-4ABED60F2EE4}.Debug|Mixed Platforms.Build.0 = Debug|Any CPU
		{FC5C4326-871A-40B7-AA94-4ABED60F2EE4}.Debug|x86.ActiveCfg = Debug|Any CPU
		{FC5C4326-871A-40B7-AA94-4ABED60F2EE4}.Release|Any CPU.ActiveCfg = Release|Any CPU
		{FC5C4326-871A-40B7-AA94-4ABED60F2EE4}.Release|Any CPU.Build.0 = Release|Any CPU
		{FC5C4326-871A-40B7-AA94-4ABED60F2EE4}.Release|Mixed Platforms.ActiveCfg = Release|Any CPU
		{FC5C4326-871A-40B7-AA94-4ABED60F2EE4}.Release|Mixed Platforms.Build.0 = Release|Any CPU
		{FC5C4326-871A-40B7-AA94-4ABED60F2EE4}.Release|x86.ActiveCfg = Release|Any CPU
		{3C1030EB-9BD6-4356-8058-CC8D507983D0}.Debug|Any CPU.ActiveCfg = Debug|x86
		{3C1030EB-9BD6-4356-8058-CC8D507983D0}.Debug|Mixed Platforms.ActiveCfg = Debug|x86
		{3C1030EB-9BD6-4356-8058-CC8D507983D0}.Debug|Mixed Platforms.Build.0 = Debug|x86
		{3C1030EB-9BD6-4356-8058-CC8D507983D0}.Debug|x86.ActiveCfg = Debug|x86
		{3C1030EB-9BD6-4356-8058-CC8D507983D0}.Debug|x86.Build.0 = Debug|x86
		{3C1030EB-9BD6-4356-8058-CC8D507983D0}.Release|Any CPU.ActiveCfg = Release|x86
		{3C1030EB-9BD6-4356-8058-CC8D507983D0}.Release|Mixed Platforms.ActiveCfg = Release|x86
		{3C1030EB-9BD6-4356-8058-CC8D507983D0}.Release|Mixed Platforms.Build.0 = Release|x86
		{3C1030EB-9BD6-4356-8058-CC8D507983D0}.Release|x86.ActiveCfg = Release|x86
		{3C1030EB-9BD6-4356-8058-CC8D507983D0}.Release|x86.Build.0 = Release|x86
		{29EA8602-966F-4586-9695-9A120BC1DC5D}.Debug|Any CPU.ActiveCfg = Debug|Any CPU
		{29EA8602-966F-4586-9695-9A120BC1DC5D}.Debug|Any CPU.Build.0 = Debug|Any CPU
		{29EA8602-966F-4586-9695-9A120BC1DC5D}.Debug|Mixed Platforms.ActiveCfg = Debug|Any CPU
		{29EA8602-966F-4586-9695-9A120BC1DC5D}.Debug|Mixed Platforms.Build.0 = Debug|Any CPU
		{29EA8602-966F-4586-9695-9A120BC1DC5D}.Debug|x86.ActiveCfg = Debug|Any CPU
		{29EA8602-966F-4586-9695-9A120BC1DC5D}.Release|Any CPU.ActiveCfg = Release|Any CPU
		{29EA8602-966F-4586-9695-9A120BC1DC5D}.Release|Any CPU.Build.0 = Release|Any CPU
		{29EA8602-966F-4586-9695-9A120BC1DC5D}.Release|Mixed Platforms.ActiveCfg = Release|Any CPU
		{29EA8602-966F-4586-9695-9A120BC1DC5D}.Release|Mixed Platforms.Build.0 = Release|Any CPU
		{29EA8602-966F-4586-9695-9A120BC1DC5D}.Release|x86.ActiveCfg = Release|Any CPU
		{671D912C-1CFB-4912-9D0D-39A8C633E537}.Debug|Any CPU.ActiveCfg = Debug|Any CPU
		{671D912C-1CFB-4912-9D0D-39A8C633E537}.Debug|Any CPU.Build.0 = Debug|Any CPU
		{671D912C-1CFB-4912-9D0D-39A8C633E537}.Debug|Mixed Platforms.ActiveCfg = Debug|Any CPU
		{671D912C-1CFB-4912-9D0D-39A8C633E537}.Debug|Mixed Platforms.Build.0 = Debug|Any CPU
		{671D912C-1CFB-4912-9D0D-39A8C633E537}.Debug|x86.ActiveCfg = Debug|Any CPU
		{671D912C-1CFB-4912-9D0D-39A8C633E537}.Release|Any CPU.ActiveCfg = Release|Any CPU
		{671D912C-1CFB-4912-9D0D-39A8C633E537}.Release|Any CPU.Build.0 = Release|Any CPU
		{671D912C-1CFB-4912-9D0D-39A8C633E537}.Release|Mixed Platforms.ActiveCfg = Release|Any CPU
		{671D912C-1CFB-4912-9D0D-39A8C633E537}.Release|Mixed Platforms.Build.0 = Release|Any CPU
		{671D912C-1CFB-4912-9D0D-39A8C633E537}.Release|x86.ActiveCfg = Release|Any CPU
		{7CE9869E-A980-4DB4-BEF4-ADE6BE023637}.Debug|Any CPU.ActiveCfg = Debug|Any CPU
		{7CE9869E-A980-4DB4-BEF4-ADE6BE023637}.Debug|Any CPU.Build.0 = Debug|Any CPU
		{7CE9869E-A980-4DB4-BEF4-ADE6BE023637}.Debug|Mixed Platforms.ActiveCfg = Debug|Any CPU
		{7CE9869E-A980-4DB4-BEF4-ADE6BE023637}.Debug|Mixed Platforms.Build.0 = Debug|Any CPU
		{7CE9869E-A980-4DB4-BEF4-ADE6BE023637}.Debug|x86.ActiveCfg = Debug|Any CPU
		{7CE9869E-A980-4DB4-BEF4-ADE6BE023637}.Release|Any CPU.ActiveCfg = Release|Any CPU
		{7CE9869E-A980-4DB4-BEF4-ADE6BE023637}.Release|Any CPU.Build.0 = Release|Any CPU
		{7CE9869E-A980-4DB4-BEF4-ADE6BE023637}.Release|Mixed Platforms.ActiveCfg = Release|Any CPU
		{7CE9869E-A980-4DB4-BEF4-ADE6BE023637}.Release|Mixed Platforms.Build.0 = Release|Any CPU
		{7CE9869E-A980-4DB4-BEF4-ADE6BE023637}.Release|x86.ActiveCfg = Release|Any CPU
		{313120F7-487B-4D23-BCCF-C1DCA4BF6158}.Debug|Any CPU.ActiveCfg = Debug|Any CPU
		{313120F7-487B-4D23-BCCF-C1DCA4BF6158}.Debug|Any CPU.Build.0 = Debug|Any CPU
		{313120F7-487B-4D23-BCCF-C1DCA4BF6158}.Debug|Mixed Platforms.ActiveCfg = Debug|Any CPU
		{313120F7-487B-4D23-BCCF-C1DCA4BF6158}.Debug|Mixed Platforms.Build.0 = Debug|Any CPU
		{313120F7-487B-4D23-BCCF-C1DCA4BF6158}.Debug|x86.ActiveCfg = Debug|Any CPU
		{313120F7-487B-4D23-BCCF-C1DCA4BF6158}.Release|Any CPU.ActiveCfg = Release|Any CPU
		{313120F7-487B-4D23-BCCF-C1DCA4BF6158}.Release|Any CPU.Build.0 = Release|Any CPU
		{313120F7-487B-4D23-BCCF-C1DCA4BF6158}.Release|Mixed Platforms.ActiveCfg = Release|Any CPU
		{313120F7-487B-4D23-BCCF-C1DCA4BF6158}.Release|Mixed Platforms.Build.0 = Release|Any CPU
		{313120F7-487B-4D23-BCCF-C1DCA4BF6158}.Release|x86.ActiveCfg = Release|Any CPU
	EndGlobalSection
	GlobalSection(SolutionProperties) = preSolution
		HideSolutionNode = FALSE
	EndGlobalSection
	GlobalSection(NestedProjects) = preSolution
		{99ABD2B2-792B-4ADD-8747-E6F9595691AB} = {55993A60-BBB2-4C1B-BAAD-4518440A43F8}
		{FC5C4326-871A-40B7-AA94-4ABED60F2EE4} = {55993A60-BBB2-4C1B-BAAD-4518440A43F8}
		{3C1030EB-9BD6-4356-8058-CC8D507983D0} = {55993A60-BBB2-4C1B-BAAD-4518440A43F8}
		{29EA8602-966F-4586-9695-9A120BC1DC5D} = {55993A60-BBB2-4C1B-BAAD-4518440A43F8}
		{671D912C-1CFB-4912-9D0D-39A8C633E537} = {EDD08ADA-2879-406D-9515-CFD35146154F}
		{7CE9869E-A980-4DB4-BEF4-ADE6BE023637} = {EDD08ADA-2879-406D-9515-CFD35146154F}
		{313120F7-487B-4D23-BCCF-C1DCA4BF6158} = {EDD08ADA-2879-406D-9515-CFD35146154F}
	EndGlobalSection
	GlobalSection(MonoDevelopProperties) = preSolution
		StartupItem = UnityVersionControl\UnityVersionControl.csproj
	EndGlobalSection
EndGlobal
